// !$*UTF8*$!
{
	archiveVersion = 1;
	classes = {
	};
	objectVersion = 50;
	objects = {

/* Begin PBXBuildFile section */
		3FC58C5F220B7B37007C13F0 /* AppDelegate.swift in Sources */ = {isa = PBXBuildFile; fileRef = 3FC58C5E220B7B37007C13F0 /* AppDelegate.swift */; };
		3FC58C64220B7B37007C13F0 /* Main.storyboard in Resources */ = {isa = PBXBuildFile; fileRef = 3FC58C62220B7B37007C13F0 /* Main.storyboard */; };
		3FC58C66220B7B3A007C13F0 /* Assets.xcassets in Resources */ = {isa = PBXBuildFile; fileRef = 3FC58C65220B7B3A007C13F0 /* Assets.xcassets */; };
		3FC58C69220B7B3A007C13F0 /* LaunchScreen.storyboard in Resources */ = {isa = PBXBuildFile; fileRef = 3FC58C67220B7B3A007C13F0 /* LaunchScreen.storyboard */; };
		3FC58C74220B7BEA007C13F0 /* Post.swift in Sources */ = {isa = PBXBuildFile; fileRef = 3FC58C73220B7BEA007C13F0 /* Post.swift */; };
		3FC58C77220B7C76007C13F0 /* PostController.swift in Sources */ = {isa = PBXBuildFile; fileRef = 3FC58C76220B7C76007C13F0 /* PostController.swift */; };
		3FC58C7B220B9339007C13F0 /* PostsViewController.swift in Sources */ = {isa = PBXBuildFile; fileRef = 3FC58C7A220B9339007C13F0 /* PostsViewController.swift */; };
		3FC58C7D220B944B007C13F0 /* PostTableViewCell.swift in Sources */ = {isa = PBXBuildFile; fileRef = 3FC58C7C220B944B007C13F0 /* PostTableViewCell.swift */; };
/* End PBXBuildFile section */

/* Begin PBXFileReference section */
		3FC58C5B220B7B37007C13F0 /* WhyiOS.app */ = {isa = PBXFileReference; explicitFileType = wrapper.application; includeInIndex = 0; path = WhyiOS.app; sourceTree = BUILT_PRODUCTS_DIR; };
		3FC58C5E220B7B37007C13F0 /* AppDelegate.swift */ = {isa = PBXFileReference; lastKnownFileType = sourcecode.swift; path = AppDelegate.swift; sourceTree = "<group>"; };
		3FC58C63220B7B37007C13F0 /* Base */ = {isa = PBXFileReference; lastKnownFileType = file.storyboard; name = Base; path = Base.lproj/Main.storyboard; sourceTree = "<group>"; };
		3FC58C65220B7B3A007C13F0 /* Assets.xcassets */ = {isa = PBXFileReference; lastKnownFileType = folder.assetcatalog; path = Assets.xcassets; sourceTree = "<group>"; };
		3FC58C68220B7B3A007C13F0 /* Base */ = {isa = PBXFileReference; lastKnownFileType = file.storyboard; name = Base; path = Base.lproj/LaunchScreen.storyboard; sourceTree = "<group>"; };
		3FC58C6A220B7B3A007C13F0 /* Info.plist */ = {isa = PBXFileReference; lastKnownFileType = text.plist.xml; path = Info.plist; sourceTree = "<group>"; };
		3FC58C73220B7BEA007C13F0 /* Post.swift */ = {isa = PBXFileReference; lastKnownFileType = sourcecode.swift; path = Post.swift; sourceTree = "<group>"; };
		3FC58C76220B7C76007C13F0 /* PostController.swift */ = {isa = PBXFileReference; lastKnownFileType = sourcecode.swift; path = PostController.swift; sourceTree = "<group>"; };
		3FC58C7A220B9339007C13F0 /* PostsViewController.swift */ = {isa = PBXFileReference; lastKnownFileType = sourcecode.swift; path = PostsViewController.swift; sourceTree = "<group>"; };
		3FC58C7C220B944B007C13F0 /* PostTableViewCell.swift */ = {isa = PBXFileReference; lastKnownFileType = sourcecode.swift; path = PostTableViewCell.swift; sourceTree = "<group>"; };
/* End PBXFileReference section */

/* Begin PBXFrameworksBuildPhase section */
		3FC58C58220B7B37007C13F0 /* Frameworks */ = {
			isa = PBXFrameworksBuildPhase;
			buildActionMask = 2147483647;
			files = (
			);
			runOnlyForDeploymentPostprocessing = 0;
		};
/* End PBXFrameworksBuildPhase section */

/* Begin PBXGroup section */
		3FC58C52220B7B37007C13F0 = {
			isa = PBXGroup;
			children = (
				3FC58C5D220B7B37007C13F0 /* WhyiOS */,
				3FC58C5C220B7B37007C13F0 /* Products */,
			);
			sourceTree = "<group>";
		};
		3FC58C5C220B7B37007C13F0 /* Products */ = {
			isa = PBXGroup;
			children = (
				3FC58C5B220B7B37007C13F0 /* WhyiOS.app */,
			);
			name = Products;
			sourceTree = "<group>";
		};
		3FC58C5D220B7B37007C13F0 /* WhyiOS */ = {
			isa = PBXGroup;
			children = (
				3FC58C75220B7BEE007C13F0 /* Models */,
				3FC58C70220B7B43007C13F0 /* Controllers */,
				3FC58C71220B7B4F007C13F0 /* Storyboards */,
				3FC58C72220B7B69007C13F0 /* Resources */,
			);
			path = WhyiOS;
			sourceTree = "<group>";
		};
		3FC58C70220B7B43007C13F0 /* Controllers */ = {
			isa = PBXGroup;
			children = (
				3FC58C7C220B944B007C13F0 /* PostTableViewCell.swift */,
				3FC58C78220B7C7A007C13F0 /* Model Controller */,
				3FC58C79220B7C87007C13F0 /* View Controller */,
			);
			path = Controllers;
			sourceTree = "<group>";
		};
		3FC58C71220B7B4F007C13F0 /* Storyboards */ = {
			isa = PBXGroup;
			children = (
				3FC58C62220B7B37007C13F0 /* Main.storyboard */,
			);
			path = Storyboards;
			sourceTree = "<group>";
		};
		3FC58C72220B7B69007C13F0 /* Resources */ = {
			isa = PBXGroup;
			children = (
				3FC58C5E220B7B37007C13F0 /* AppDelegate.swift */,
				3FC58C65220B7B3A007C13F0 /* Assets.xcassets */,
				3FC58C67220B7B3A007C13F0 /* LaunchScreen.storyboard */,
				3FC58C6A220B7B3A007C13F0 /* Info.plist */,
			);
			path = Resources;
			sourceTree = "<group>";
		};
		3FC58C75220B7BEE007C13F0 /* Models */ = {
			isa = PBXGroup;
			children = (
				3FC58C73220B7BEA007C13F0 /* Post.swift */,
			);
			path = Models;
			sourceTree = "<group>";
		};
		3FC58C78220B7C7A007C13F0 /* Model Controller */ = {
			isa = PBXGroup;
			children = (
				3FC58C76220B7C76007C13F0 /* PostController.swift */,
			);
			path = "Model Controller";
			sourceTree = "<group>";
		};
		3FC58C79220B7C87007C13F0 /* View Controller */ = {
			isa = PBXGroup;
			children = (
				3FC58C7A220B9339007C13F0 /* PostsViewController.swift */,
			);
			path = "View Controller";
			sourceTree = "<group>";
		};
/* End PBXGroup section */

/* Begin PBXNativeTarget section */
		3FC58C5A220B7B37007C13F0 /* WhyiOS */ = {
			isa = PBXNativeTarget;
			buildConfigurationList = 3FC58C6D220B7B3A007C13F0 /* Build configuration list for PBXNativeTarget "WhyiOS" */;
			buildPhases = (
				3FC58C57220B7B37007C13F0 /* Sources */,
				3FC58C58220B7B37007C13F0 /* Frameworks */,
				3FC58C59220B7B37007C13F0 /* Resources */,
			);
			buildRules = (
			);
			dependencies = (
			);
			name = WhyiOS;
			productName = WhyiOS;
			productReference = 3FC58C5B220B7B37007C13F0 /* WhyiOS.app */;
			productType = "com.apple.product-type.application";
		};
/* End PBXNativeTarget section */

/* Begin PBXProject section */
		3FC58C53220B7B37007C13F0 /* Project object */ = {
			isa = PBXProject;
			attributes = {
				LastSwiftUpdateCheck = 1010;
				LastUpgradeCheck = 1010;
				ORGANIZATIONNAME = XMS_JZhan;
				TargetAttributes = {
					3FC58C5A220B7B37007C13F0 = {
						CreatedOnToolsVersion = 10.1;
					};
				};
			};
			buildConfigurationList = 3FC58C56220B7B37007C13F0 /* Build configuration list for PBXProject "WhyiOS" */;
			compatibilityVersion = "Xcode 9.3";
			developmentRegion = en;
			hasScannedForEncodings = 0;
			knownRegions = (
				en,
				Base,
			);
			mainGroup = 3FC58C52220B7B37007C13F0;
			productRefGroup = 3FC58C5C220B7B37007C13F0 /* Products */;
			projectDirPath = "";
			projectRoot = "";
			targets = (
				3FC58C5A220B7B37007C13F0 /* WhyiOS */,
			);
		};
/* End PBXProject section */

/* Begin PBXResourcesBuildPhase section */
		3FC58C59220B7B37007C13F0 /* Resources */ = {
			isa = PBXResourcesBuildPhase;
			buildActionMask = 2147483647;
			files = (
				3FC58C69220B7B3A007C13F0 /* LaunchScreen.storyboard in Resources */,
				3FC58C66220B7B3A007C13F0 /* Assets.xcassets in Resources */,
				3FC58C64220B7B37007C13F0 /* Main.storyboard in Resources */,
			);
			runOnlyForDeploymentPostprocessing = 0;
		};
/* End PBXResourcesBuildPhase section */

/* Begin PBXSourcesBuildPhase section */
		3FC58C57220B7B37007C13F0 /* Sources */ = {
			isa = PBXSourcesBuildPhase;
			buildActionMask = 2147483647;
			files = (
				3FC58C7B220B9339007C13F0 /* PostsViewController.swift in Sources */,
				3FC58C74220B7BEA007C13F0 /* Post.swift in Sources */,
				3FC58C7D220B944B007C13F0 /* PostTableViewCell.swift in Sources */,
				3FC58C77220B7C76007C13F0 /* PostController.swift in Sources */,
				3FC58C5F220B7B37007C13F0 /* AppDelegate.swift in Sources */,
			);
			runOnlyForDeploymentPostprocessing = 0;
		};
/* End PBXSourcesBuildPhase section */

/* Begin PBXVariantGroup section */
		3FC58C62220B7B37007C13F0 /* Main.storyboard */ = {
			isa = PBXVariantGroup;
			children = (
				3FC58C63220B7B37007C13F0 /* Base */,
			);
			name = Main.storyboard;
			sourceTree = "<group>";
		};
		3FC58C67220B7B3A007C13F0 /* LaunchScreen.storyboard */ = {
			isa = PBXVariantGroup;
			children = (
				3FC58C68220B7B3A007C13F0 /* Base */,
			);
			name = LaunchScreen.storyboard;
			sourceTree = "<group>";
		};
/* End PBXVariantGroup section */

/* Begin XCBuildConfiguration section */
		3FC58C6B220B7B3A007C13F0 /* Debug */ = {
			isa = XCBuildConfiguration;
			buildSettings = {
				ALWAYS_SEARCH_USER_PATHS = NO;
				CLANG_ANALYZER_NONNULL = YES;
				CLANG_ANALYZER_NUMBER_OBJECT_CONVERSION = YES_AGGRESSIVE;
				CLANG_CXX_LANGUAGE_STANDARD = "gnu++14";
				CLANG_CXX_LIBRARY = "libc++";
				CLANG_ENABLE_MODULES = YES;
				CLANG_ENABLE_OBJC_ARC = YES;
				CLANG_ENABLE_OBJC_WEAK = YES;
				CLANG_WARN_BLOCK_CAPTURE_AUTORELEASING = YES;
				CLANG_WARN_BOOL_CONVERSION = YES;
				CLANG_WARN_COMMA = YES;
				CLANG_WARN_CONSTANT_CONVERSION = YES;
				CLANG_WARN_DEPRECATED_OBJC_IMPLEMENTATIONS = YES;
				CLANG_WARN_DIRECT_OBJC_ISA_USAGE = YES_ERROR;
				CLANG_WARN_DOCUMENTATION_COMMENTS = YES;
				CLANG_WARN_EMPTY_BODY = YES;
				CLANG_WARN_ENUM_CONVERSION = YES;
				CLANG_WARN_INFINITE_RECURSION = YES;
				CLANG_WARN_INT_CONVERSION = YES;
				CLANG_WARN_NON_LITERAL_NULL_CONVERSION = YES;
				CLANG_WARN_OBJC_IMPLICIT_RETAIN_SELF = YES;
				CLANG_WARN_OBJC_LITERAL_CONVERSION = YES;
				CLANG_WARN_OBJC_ROOT_CLASS = YES_ERROR;
				CLANG_WARN_RANGE_LOOP_ANALYSIS = YES;
				CLANG_WARN_STRICT_PROTOTYPES = YES;
				CLANG_WARN_SUSPICIOUS_MOVE = YES;
				CLANG_WARN_UNGUARDED_AVAILABILITY = YES_AGGRESSIVE;
				CLANG_WARN_UNREACHABLE_CODE = YES;
				CLANG_WARN__DUPLICATE_METHOD_MATCH = YES;
				CODE_SIGN_IDENTITY = "iPhone Developer";
				COPY_PHASE_STRIP = NO;
				DEBUG_INFORMATION_FORMAT = dwarf;
				ENABLE_STRICT_OBJC_MSGSEND = YES;
				ENABLE_TESTABILITY = YES;
				GCC_C_LANGUAGE_STANDARD = gnu11;
				GCC_DYNAMIC_NO_PIC = NO;
				GCC_NO_COMMON_BLOCKS = YES;
				GCC_OPTIMIZATION_LEVEL = 0;
				GCC_PREPROCESSOR_DEFINITIONS = (
					"DEBUG=1",
					"$(inherited)",
				);
				GCC_WARN_64_TO_32_BIT_CONVERSION = YES;
				GCC_WARN_ABOUT_RETURN_TYPE = YES_ERROR;
				GCC_WARN_UNDECLARED_SELECTOR = YES;
				GCC_WARN_UNINITIALIZED_AUTOS = YES_AGGRESSIVE;
				GCC_WARN_UNUSED_FUNCTION = YES;
				GCC_WARN_UNUSED_VARIABLE = YES;
				IPHONEOS_DEPLOYMENT_TARGET = 12.1;
				MTL_ENABLE_DEBUG_INFO = INCLUDE_SOURCE;
				MTL_FAST_MATH = YES;
				ONLY_ACTIVE_ARCH = YES;
				SDKROOT = iphoneos;
				SWIFT_ACTIVE_COMPILATION_CONDITIONS = DEBUG;
				SWIFT_OPTIMIZATION_LEVEL = "-Onone";
			};
			name = Debug;
		};
		3FC58C6C220B7B3A007C13F0 /* Release */ = {
			isa = XCBuildConfiguration;
			buildSettings = {
				ALWAYS_SEARCH_USER_PATHS = NO;
				CLANG_ANALYZER_NONNULL = YES;
				CLANG_ANALYZER_NUMBER_OBJECT_CONVERSION = YES_AGGRESSIVE;
				CLANG_CXX_LANGUAGE_STANDARD = "gnu++14";
				CLANG_CXX_LIBRARY = "libc++";
				CLANG_ENABLE_MODULES = YES;
				CLANG_ENABLE_OBJC_ARC = YES;
				CLANG_ENABLE_OBJC_WEAK = YES;
				CLANG_WARN_BLOCK_CAPTURE_AUTORELEASING = YES;
				CLANG_WARN_BOOL_CONVERSION = YES;
				CLANG_WARN_COMMA = YES;
				CLANG_WARN_CONSTANT_CONVERSION = YES;
				CLANG_WARN_DEPRECATED_OBJC_IMPLEMENTATIONS = YES;
				CLANG_WARN_DIRECT_OBJC_ISA_USAGE = YES_ERROR;
				CLANG_WARN_DOCUMENTATION_COMMENTS = YES;
				CLANG_WARN_EMPTY_BODY = YES;
				CLANG_WARN_ENUM_CONVERSION = YES;
				CLANG_WARN_INFINITE_RECURSION = YES;
				CLANG_WARN_INT_CONVERSION = YES;
				CLANG_WARN_NON_LITERAL_NULL_CONVERSION = YES;
				CLANG_WARN_OBJC_IMPLICIT_RETAIN_SELF = YES;
				CLANG_WARN_OBJC_LITERAL_CONVERSION = YES;
				CLANG_WARN_OBJC_ROOT_CLASS = YES_ERROR;
				CLANG_WARN_RANGE_LOOP_ANALYSIS = YES;
				CLANG_WARN_STRICT_PROTOTYPES = YES;
				CLANG_WARN_SUSPICIOUS_MOVE = YES;
				CLANG_WARN_UNGUARDED_AVAILABILITY = YES_AGGRESSIVE;
				CLANG_WARN_UNREACHABLE_CODE = YES;
				CLANG_WARN__DUPLICATE_METHOD_MATCH = YES;
				CODE_SIGN_IDENTITY = "iPhone Developer";
				COPY_PHASE_STRIP = NO;
				DEBUG_INFORMATION_FORMAT = "dwarf-with-dsym";
				ENABLE_NS_ASSERTIONS = NO;
				ENABLE_STRICT_OBJC_MSGSEND = YES;
				GCC_C_LANGUAGE_STANDARD = gnu11;
				GCC_NO_COMMON_BLOCKS = YES;
				GCC_WARN_64_TO_32_BIT_CONVERSION = YES;
				GCC_WARN_ABOUT_RETURN_TYPE = YES_ERROR;
				GCC_WARN_UNDECLARED_SELECTOR = YES;
				GCC_WARN_UNINITIALIZED_AUTOS = YES_AGGRESSIVE;
				GCC_WARN_UNUSED_FUNCTION = YES;
				GCC_WARN_UNUSED_VARIABLE = YES;
				IPHONEOS_DEPLOYMENT_TARGET = 12.1;
				MTL_ENABLE_DEBUG_INFO = NO;
				MTL_FAST_MATH = YES;
				SDKROOT = iphoneos;
				SWIFT_COMPILATION_MODE = wholemodule;
				SWIFT_OPTIMIZATION_LEVEL = "-O";
				VALIDATE_PRODUCT = YES;
			};
			name = Release;
		};
		3FC58C6E220B7B3A007C13F0 /* Debug */ = {
			isa = XCBuildConfiguration;
			buildSettings = {
				ASSETCATALOG_COMPILER_APPICON_NAME = AppIcon;
				CODE_SIGN_STYLE = Automatic;
				INFOPLIST_FILE = "$(SRCROOT)/WhyiOS/Resources/Info.plist";
				LD_RUNPATH_SEARCH_PATHS = (
					"$(inherited)",
					"@executable_path/Frameworks",
				);
				PRODUCT_BUNDLE_IDENTIFIER = zhan.WhyiOS;
				PRODUCT_NAME = "$(TARGET_NAME)";
				SWIFT_VERSION = 4.2;
				TARGETED_DEVICE_FAMILY = "1,2";
			};
			name = Debug;
		};
		3FC58C6F220B7B3A007C13F0 /* Release */ = {
			isa = XCBuildConfiguration;
			buildSettings = {
				ASSETCATALOG_COMPILER_APPICON_NAME = AppIcon;
				CODE_SIGN_STYLE = Automatic;
				INFOPLIST_FILE = "$(SRCROOT)/WhyiOS/Resources/Info.plist";
				LD_RUNPATH_SEARCH_PATHS = (
					"$(inherited)",
					"@executable_path/Frameworks",
				);
				PRODUCT_BUNDLE_IDENTIFIER = zhan.WhyiOS;
				PRODUCT_NAME = "$(TARGET_NAME)";
				SWIFT_VERSION = 4.2;
				TARGETED_DEVICE_FAMILY = "1,2";
			};
			name = Release;
		};
/* End XCBuildConfiguration section */

/* Begin XCConfigurationList section */
		3FC58C56220B7B37007C13F0 /* Build configuration list for PBXProject "WhyiOS" */ = {
			isa = XCConfigurationList;
			buildConfigurations = (
				3FC58C6B220B7B3A007C13F0 /* Debug */,
				3FC58C6C220B7B3A007C13F0 /* Release */,
			);
			defaultConfigurationIsVisible = 0;
			defaultConfigurationName = Release;
		};
		3FC58C6D220B7B3A007C13F0 /* Build configuration list for PBXNativeTarget "WhyiOS" */ = {
			isa = XCConfigurationList;
			buildConfigurations = (
				3FC58C6E220B7B3A007C13F0 /* Debug */,
				3FC58C6F220B7B3A007C13F0 /* Release */,
			);
			defaultConfigurationIsVisible = 0;
			defaultConfigurationName = Release;
		};
/* End XCConfigurationList section */
	};
	rootObject = 3FC58C53220B7B37007C13F0 /* Project object */;
}
